
Microsoft Visual Studio Solution File, Format Version 12.00
# Visual Studio Version 17
VisualStudioVersion = 17.8.34330.188
MinimumVisualStudioVersion = 10.0.40219.1
Project("{FAE04EC0-301F-11D3-BF4B-00C04F79EFBC}") = "HuntTheWumpus1", "HuntTheWumpus1.csproj", "{2E0F326F-FB36-486A-B6B1-4E81331EC312}"
EndProject
Global
	GlobalSection(SolutionConfigurationPlatforms) = preSolution
		Debug|Any CPU = Debug|Any CPU
		Release|Any CPU = Release|Any CPU
	EndGlobalSection
	GlobalSection(ProjectConfigurationPlatforms) = postSolution
		{2E0F326F-FB36-486A-B6B1-4E81331EC312}.Debug|Any CPU.ActiveCfg = Debug|Any CPU
		{2E0F326F-FB36-486A-B6B1-4E81331EC312}.Debug|Any CPU.Build.0 = Debug|Any CPU
		{2E0F326F-FB36-486A-B6B1-4E81331EC312}.Release|Any CPU.ActiveCfg = Release|Any CPU
		{2E0F326F-FB36-486A-B6B1-4E81331EC312}.Release|Any CPU.Build.0 = Release|Any CPU
	EndGlobalSection
	GlobalSection(SolutionProperties) = preSolution
		HideSolutionNode = FALSE
	EndGlobalSection
	GlobalSection(ExtensibilityGlobals) = postSolution
		SolutionGuid = {92EA6DF6-C002-4B6A-AC56-6BD9943B51F9}
	EndGlobalSection
EndGlobal
